<?xml version="1.0" encoding="utf-8"?>
<Project ToolsVersion="4.0" xmlns="http://schemas.microsoft.com/developer/msbuild/2003">
  <ItemGroup>
    <ClCompile Include="PermutationMap.cpp" />
    <ClCompile Include="SlidingTilePuzzleSimple.cpp" />
    <ClCompile Include="SlidingTilePuzzleGpu.cpp" />
  </ItemGroup>
  <ItemGroup>
    <ClInclude Include="PermutationMap.h" />
    <ClInclude Include="GPU.h" />
    <ClInclude Include="SlidingTilePuzzleSimple.h" />
    <ClInclude Include="SlidingTilePuzzleGpu.h" />
  </ItemGroup>
  <ItemGroup>
    <CudaCompile Include="Gpu.cu" />
  </ItemGroup>
</Project>