<?xml version="1.0" encoding="utf-8"?>
<Project ToolsVersion="4.0" xmlns="http://schemas.microsoft.com/developer/msbuild/2003">
  <ItemGroup>
    <ClCompile Include="PermutationMap.cpp" />
    <ClCompile Include="SlidingTilePuzzleSimple.cpp" />
    <ClCompile Include="SlidingTilePuzzleGpu.cpp" />
    <ClCompile Include="PuzzleGpu.cpp" />
    <ClCompile Include="SlidingTilePuzzleOptimized.cpp" />
    <ClCompile Include="FourPegHanoiSimple.cpp" />
    <ClCompile Include="FourPegHanoiGPU.cpp" />
    <ClCompile Include="PancakeSimple.cpp" />
    <ClCompile Include="PancakeOptimized.cpp" />
  </ItemGroup>
  <ItemGroup>
    <ClInclude Include="PermutationMap.h" />
    <ClInclude Include="SlidingTilePuzzleSimple.h" />
    <ClInclude Include="SlidingTilePuzzleGpu.h" />
    <ClInclude Include="PuzzleGpu.h" />
    <ClInclude Include="GPU.h">
      <Filter>Gpu</Filter>
    </ClInclude>
    <ClInclude Include="SlidingPuzzleGpu.h">
      <Filter>Gpu</Filter>
    </ClInclude>
    <ClInclude Include="SlidingTilePuzzleOptimized.h" />
    <ClInclude Include="FourPegHanoiSimple.h" />
    <ClInclude Include="HanoiTowersGPU.h">
      <Filter>Gpu</Filter>
    </ClInclude>
    <ClInclude Include="FourPegHanoiGPU.h" />
    <ClInclude Include="PancakeSimple.h" />
    <ClInclude Include="PancakeOptimized.h" />
  </ItemGroup>
  <ItemGroup>
    <CudaCompile Include="Gpu.cu">
      <Filter>Gpu</Filter>
    </CudaCompile>
    <CudaCompile Include="SlidingPuzzleGpu.cu">
      <Filter>Gpu</Filter>
    </CudaCompile>
    <CudaCompile Include="HanoiTowersGpu.cu">
      <Filter>Gpu</Filter>
    </CudaCompile>
  </ItemGroup>
  <ItemGroup>
    <Filter Include="Gpu">
      <UniqueIdentifier>{25f3c0ea-be12-4c4e-8019-57e541c3ad96}</UniqueIdentifier>
    </Filter>
  </ItemGroup>
</Project>