<?xml version="1.0" encoding="utf-8"?>
<Project ToolsVersion="4.0" xmlns="http://schemas.microsoft.com/developer/msbuild/2003">
  <ItemGroup>
    <ClCompile Include="Util.cpp" />
    <ClCompile Include="File.cpp" />
    <ClCompile Include="Store.cpp" />
    <ClCompile Include="BoolArray.h" />
    <ClCompile Include="InMemoryClassicBFS.cpp" />
    <ClCompile Include="InMemoryTwoBitBFS.cpp" />
    <ClCompile Include="InMemoryThreeBitBFS.cpp" />
    <ClCompile Include="InMemoryFrontierSearch.cpp" />
    <ClCompile Include="Multiplexor.cpp" />
    <ClCompile Include="SegmentReader.cpp" />
    <ClCompile Include="SegmentWriter.cpp" />
    <ClCompile Include="DiskBasedClassicBFS.cpp" />
    <ClCompile Include="DiskBasedTwoBitBFS.cpp" />
    <ClCompile Include="DiskBasedThreeBitBFS.cpp" />
    <ClCompile Include="DiskBasedSinglePassFrontierSearch.cpp" />
    <ClCompile Include="DiskBasedFrontierSearch.cpp" />
  </ItemGroup>
  <ItemGroup>
    <ClInclude Include="Util.h" />
    <ClInclude Include="File.h" />
    <ClInclude Include="Buffer.h" />
    <ClInclude Include="Store.h" />
    <ClInclude Include="Puzzle.h" />
    <ClInclude Include="Multiplexor.h" />
    <ClInclude Include="InMemoryBFS.h" />
    <ClInclude Include="SegmentReader.h" />
    <ClInclude Include="SegmentWriter.h" />
    <ClInclude Include="DiskBasedBFS.h" />
  </ItemGroup>
</Project>